
Microsoft Visual Studio Solution File, Format Version 12.00
# Visual Studio 15
VisualStudioVersion = 15.0.27130.2010
MinimumVisualStudioVersion = 10.0.40219.1
Project("{FAE04EC0-301F-11D3-BF4B-00C04F79EFBC}") = "TShirtApp", "TShirtApp\TShirtApp\TShirtApp.csproj", "{53FFC92B-EE90-497F-B114-E153456EC173}"
EndProject
Project("{FAE04EC0-301F-11D3-BF4B-00C04F79EFBC}") = "TShirtApp.Android", "TShirtApp\TShirtApp.Android\TShirtApp.Android.csproj", "{A3301170-FB45-445B-8F8E-0F0110F2139D}"
EndProject
Project("{FAE04EC0-301F-11D3-BF4B-00C04F79EFBC}") = "TShirtApp.iOS", "TShirtApp\TShirtApp.iOS\TShirtApp.iOS.csproj", "{9E17AD27-FA5D-4ADC-91DA-111561E4110C}"
EndProject
Project("{FAE04EC0-301F-11D3-BF4B-00C04F79EFBC}") = "TShirtApp.UWP", "TShirtApp\TShirtApp.UWP\TShirtApp.UWP.csproj", "{E14824B9-3461-4C86-B572-209D0EEEFCDD}"
EndProject
Global
	GlobalSection(SolutionConfigurationPlatforms) = preSolution
		Ad-Hoc|Any CPU = Ad-Hoc|Any CPU
		Ad-Hoc|ARM = Ad-Hoc|ARM
		Ad-Hoc|iPhone = Ad-Hoc|iPhone
		Ad-Hoc|iPhoneSimulator = Ad-Hoc|iPhoneSimulator
		Ad-Hoc|x64 = Ad-Hoc|x64
		Ad-Hoc|x86 = Ad-Hoc|x86
		AppStore|Any CPU = AppStore|Any CPU
		AppStore|ARM = AppStore|ARM
		AppStore|iPhone = AppStore|iPhone
		AppStore|iPhoneSimulator = AppStore|iPhoneSimulator
		AppStore|x64 = AppStore|x64
		AppStore|x86 = AppStore|x86
		Debug|Any CPU = Debug|Any CPU
		Debug|ARM = Debug|ARM
		Debug|iPhone = Debug|iPhone
		Debug|iPhoneSimulator = Debug|iPhoneSimulator
		Debug|x64 = Debug|x64
		Debug|x86 = Debug|x86
		Release|Any CPU = Release|Any CPU
		Release|ARM = Release|ARM
		Release|iPhone = Release|iPhone
		Release|iPhoneSimulator = Release|iPhoneSimulator
		Release|x64 = Release|x64
		Release|x86 = Release|x86
	EndGlobalSection
	GlobalSection(ProjectConfigurationPlatforms) = postSolution
		{53FFC92B-EE90-497F-B114-E153456EC173}.Ad-Hoc|Any CPU.ActiveCfg = Debug|Any CPU
		{53FFC92B-EE90-497F-B114-E153456EC173}.Ad-Hoc|Any CPU.Build.0 = Debug|Any CPU
		{53FFC92B-EE90-497F-B114-E153456EC173}.Ad-Hoc|ARM.ActiveCfg = Debug|Any CPU
		{53FFC92B-EE90-497F-B114-E153456EC173}.Ad-Hoc|ARM.Build.0 = Debug|Any CPU
		{53FFC92B-EE90-497F-B114-E153456EC173}.Ad-Hoc|iPhone.ActiveCfg = Debug|Any CPU
		{53FFC92B-EE90-497F-B114-E153456EC173}.Ad-Hoc|iPhone.Build.0 = Debug|Any CPU
		{53FFC92B-EE90-497F-B114-E153456EC173}.Ad-Hoc|iPhoneSimulator.ActiveCfg = Debug|Any CPU
		{53FFC92B-EE90-497F-B114-E153456EC173}.Ad-Hoc|iPhoneSimulator.Build.0 = Debug|Any CPU
		{53FFC92B-EE90-497F-B114-E153456EC173}.Ad-Hoc|x64.ActiveCfg = Debug|Any CPU
		{53FFC92B-EE90-497F-B114-E153456EC173}.Ad-Hoc|x64.Build.0 = Debug|Any CPU
		{53FFC92B-EE90-497F-B114-E153456EC173}.Ad-Hoc|x86.ActiveCfg = Debug|Any CPU
		{53FFC92B-EE90-497F-B114-E153456EC173}.Ad-Hoc|x86.Build.0 = Debug|Any CPU
		{53FFC92B-EE90-497F-B114-E153456EC173}.AppStore|Any CPU.ActiveCfg = Debug|Any CPU
		{53FFC92B-EE90-497F-B114-E153456EC173}.AppStore|Any CPU.Build.0 = Debug|Any CPU
		{53FFC92B-EE90-497F-B114-E153456EC173}.AppStore|ARM.ActiveCfg = Debug|Any CPU
		{53FFC92B-EE90-497F-B114-E153456EC173}.AppStore|ARM.Build.0 = Debug|Any CPU
		{53FFC92B-EE90-497F-B114-E153456EC173}.AppStore|iPhone.ActiveCfg = Debug|Any CPU
		{53FFC92B-EE90-497F-B114-E153456EC173}.AppStore|iPhone.Build.0 = Debug|Any CPU
		{53FFC92B-EE90-497F-B114-E153456EC173}.AppStore|iPhoneSimulator.ActiveCfg = Debug|Any CPU
		{53FFC92B-EE90-497F-B114-E153456EC173}.AppStore|iPhoneSimulator.Build.0 = Debug|Any CPU
		{53FFC92B-EE90-497F-B114-E153456EC173}.AppStore|x64.ActiveCfg = Debug|Any CPU
		{53FFC92B-EE90-497F-B114-E153456EC173}.AppStore|x64.Build.0 = Debug|Any CPU
		{53FFC92B-EE90-497F-B114-E153456EC173}.AppStore|x86.ActiveCfg = Debug|Any CPU
		{53FFC92B-EE90-497F-B114-E153456EC173}.AppStore|x86.Build.0 = Debug|Any CPU
		{53FFC92B-EE90-497F-B114-E153456EC173}.Debug|Any CPU.ActiveCfg = Debug|Any CPU
		{53FFC92B-EE90-497F-B114-E153456EC173}.Debug|Any CPU.Build.0 = Debug|Any CPU
		{53FFC92B-EE90-497F-B114-E153456EC173}.Debug|ARM.ActiveCfg = Debug|Any CPU
		{53FFC92B-EE90-497F-B114-E153456EC173}.Debug|ARM.Build.0 = Debug|Any CPU
		{53FFC92B-EE90-497F-B114-E153456EC173}.Debug|iPhone.ActiveCfg = Debug|Any CPU
		{53FFC92B-EE90-497F-B114-E153456EC173}.Debug|iPhone.Build.0 = Debug|Any CPU
		{53FFC92B-EE90-497F-B114-E153456EC173}.Debug|iPhoneSimulator.ActiveCfg = Debug|Any CPU
		{53FFC92B-EE90-497F-B114-E153456EC173}.Debug|iPhoneSimulator.Build.0 = Debug|Any CPU
		{53FFC92B-EE90-497F-B114-E153456EC173}.Debug|x64.ActiveCfg = Debug|Any CPU
		{53FFC92B-EE90-497F-B114-E153456EC173}.Debug|x64.Build.0 = Debug|Any CPU
		{53FFC92B-EE90-497F-B114-E153456EC173}.Debug|x86.ActiveCfg = Debug|Any CPU
		{53FFC92B-EE90-497F-B114-E153456EC173}.Debug|x86.Build.0 = Debug|Any CPU
		{53FFC92B-EE90-497F-B114-E153456EC173}.Release|Any CPU.ActiveCfg = Release|Any CPU
		{53FFC92B-EE90-497F-B114-E153456EC173}.Release|Any CPU.Build.0 = Release|Any CPU
		{53FFC92B-EE90-497F-B114-E153456EC173}.Release|ARM.ActiveCfg = Release|Any CPU
		{53FFC92B-EE90-497F-B114-E153456EC173}.Release|ARM.Build.0 = Release|Any CPU
		{53FFC92B-EE90-497F-B114-E153456EC173}.Release|iPhone.ActiveCfg = Release|Any CPU
		{53FFC92B-EE90-497F-B114-E153456EC173}.Release|iPhone.Build.0 = Release|Any CPU
		{53FFC92B-EE90-497F-B114-E153456EC173}.Release|iPhoneSimulator.ActiveCfg = Release|Any CPU
		{53FFC92B-EE90-497F-B114-E153456EC173}.Release|iPhoneSimulator.Build.0 = Release|Any CPU
		{53FFC92B-EE90-497F-B114-E153456EC173}.Release|x64.ActiveCfg = Release|Any CPU
		{53FFC92B-EE90-497F-B114-E153456EC173}.Release|x64.Build.0 = Release|Any CPU
		{53FFC92B-EE90-497F-B114-E153456EC173}.Release|x86.ActiveCfg = Release|Any CPU
		{53FFC92B-EE90-497F-B114-E153456EC173}.Release|x86.Build.0 = Release|Any CPU
		{A3301170-FB45-445B-8F8E-0F0110F2139D}.Ad-Hoc|Any CPU.ActiveCfg = Release|Any CPU
		{A3301170-FB45-445B-8F8E-0F0110F2139D}.Ad-Hoc|Any CPU.Build.0 = Release|Any CPU
		{A3301170-FB45-445B-8F8E-0F0110F2139D}.Ad-Hoc|Any CPU.Deploy.0 = Release|Any CPU
		{A3301170-FB45-445B-8F8E-0F0110F2139D}.Ad-Hoc|ARM.ActiveCfg = Release|Any CPU
		{A3301170-FB45-445B-8F8E-0F0110F2139D}.Ad-Hoc|ARM.Build.0 = Release|Any CPU
		{A3301170-FB45-445B-8F8E-0F0110F2139D}.Ad-Hoc|ARM.Deploy.0 = Release|Any CPU
		{A3301170-FB45-445B-8F8E-0F0110F2139D}.Ad-Hoc|iPhone.ActiveCfg = Release|Any CPU
		{A3301170-FB45-445B-8F8E-0F0110F2139D}.Ad-Hoc|iPhone.Build.0 = Release|Any CPU
		{A3301170-FB45-445B-8F8E-0F0110F2139D}.Ad-Hoc|iPhone.Deploy.0 = Release|Any CPU
		{A3301170-FB45-445B-8F8E-0F0110F2139D}.Ad-Hoc|iPhoneSimulator.ActiveCfg = Release|Any CPU
		{A3301170-FB45-445B-8F8E-0F0110F2139D}.Ad-Hoc|iPhoneSimulator.Build.0 = Release|Any CPU
		{A3301170-FB45-445B-8F8E-0F0110F2139D}.Ad-Hoc|iPhoneSimulator.Deploy.0 = Release|Any CPU
		{A3301170-FB45-445B-8F8E-0F0110F2139D}.Ad-Hoc|x64.ActiveCfg = Release|Any CPU
		{A3301170-FB45-445B-8F8E-0F0110F2139D}.Ad-Hoc|x64.Build.0 = Release|Any CPU
		{A3301170-FB45-445B-8F8E-0F0110F2139D}.Ad-Hoc|x64.Deploy.0 = Release|Any CPU
		{A3301170-FB45-445B-8F8E-0F0110F2139D}.Ad-Hoc|x86.ActiveCfg = Release|Any CPU
		{A3301170-FB45-445B-8F8E-0F0110F2139D}.Ad-Hoc|x86.Build.0 = Release|Any CPU
		{A3301170-FB45-445B-8F8E-0F0110F2139D}.Ad-Hoc|x86.Deploy.0 = Release|Any CPU
		{A3301170-FB45-445B-8F8E-0F0110F2139D}.AppStore|Any CPU.ActiveCfg = Release|Any CPU
		{A3301170-FB45-445B-8F8E-0F0110F2139D}.AppStore|Any CPU.Build.0 = Release|Any CPU
		{A3301170-FB45-445B-8F8E-0F0110F2139D}.AppStore|Any CPU.Deploy.0 = Release|Any CPU
		{A3301170-FB45-445B-8F8E-0F0110F2139D}.AppStore|ARM.ActiveCfg = Release|Any CPU
		{A3301170-FB45-445B-8F8E-0F0110F2139D}.AppStore|ARM.Build.0 = Release|Any CPU
		{A3301170-FB45-445B-8F8E-0F0110F2139D}.AppStore|ARM.Deploy.0 = Release|Any CPU
		{A3301170-FB45-445B-8F8E-0F0110F2139D}.AppStore|iPhone.ActiveCfg = Release|Any CPU
		{A3301170-FB45-445B-8F8E-0F0110F2139D}.AppStore|iPhone.Build.0 = Release|Any CPU
		{A3301170-FB45-445B-8F8E-0F0110F2139D}.AppStore|iPhone.Deploy.0 = Release|Any CPU
		{A3301170-FB45-445B-8F8E-0F0110F2139D}.AppStore|iPhoneSimulator.ActiveCfg = Release|Any CPU
		{A3301170-FB45-445B-8F8E-0F0110F2139D}.AppStore|iPhoneSimulator.Build.0 = Release|Any CPU
		{A3301170-FB45-445B-8F8E-0F0110F2139D}.AppStore|iPhoneSimulator.Deploy.0 = Release|Any CPU
		{A3301170-FB45-445B-8F8E-0F0110F2139D}.AppStore|x64.ActiveCfg = Release|Any CPU
		{A3301170-FB45-445B-8F8E-0F0110F2139D}.AppStore|x64.Build.0 = Release|Any CPU
		{A3301170-FB45-445B-8F8E-0F0110F2139D}.AppStore|x64.Deploy.0 = Release|Any CPU
		{A3301170-FB45-445B-8F8E-0F0110F2139D}.AppStore|x86.ActiveCfg = Release|Any CPU
		{A3301170-FB45-445B-8F8E-0F0110F2139D}.AppStore|x86.Build.0 = Release|Any CPU
		{A3301170-FB45-445B-8F8E-0F0110F2139D}.AppStore|x86.Deploy.0 = Release|Any CPU
		{A3301170-FB45-445B-8F8E-0F0110F2139D}.Debug|Any CPU.ActiveCfg = Debug|Any CPU
		{A3301170-FB45-445B-8F8E-0F0110F2139D}.Debug|Any CPU.Build.0 = Debug|Any CPU
		{A3301170-FB45-445B-8F8E-0F0110F2139D}.Debug|Any CPU.Deploy.0 = Debug|Any CPU
		{A3301170-FB45-445B-8F8E-0F0110F2139D}.Debug|ARM.ActiveCfg = Debug|Any CPU
		{A3301170-FB45-445B-8F8E-0F0110F2139D}.Debug|ARM.Build.0 = Debug|Any CPU
		{A3301170-FB45-445B-8F8E-0F0110F2139D}.Debug|ARM.Deploy.0 = Debug|Any CPU
		{A3301170-FB45-445B-8F8E-0F0110F2139D}.Debug|iPhone.ActiveCfg = Debug|Any CPU
		{A3301170-FB45-445B-8F8E-0F0110F2139D}.Debug|iPhone.Build.0 = Debug|Any CPU
		{A3301170-FB45-445B-8F8E-0F0110F2139D}.Debug|iPhone.Deploy.0 = Debug|Any CPU
		{A3301170-FB45-445B-8F8E-0F0110F2139D}.Debug|iPhoneSimulator.ActiveCfg = Debug|Any CPU
		{A3301170-FB45-445B-8F8E-0F0110F2139D}.Debug|iPhoneSimulator.Build.0 = Debug|Any CPU
		{A3301170-FB45-445B-8F8E-0F0110F2139D}.Debug|iPhoneSimulator.Deploy.0 = Debug|Any CPU
		{A3301170-FB45-445B-8F8E-0F0110F2139D}.Debug|x64.ActiveCfg = Debug|Any CPU
		{A3301170-FB45-445B-8F8E-0F0110F2139D}.Debug|x64.Build.0 = Debug|Any CPU
		{A3301170-FB45-445B-8F8E-0F0110F2139D}.Debug|x64.Deploy.0 = Debug|Any CPU
		{A3301170-FB45-445B-8F8E-0F0110F2139D}.Debug|x86.ActiveCfg = Debug|Any CPU
		{A3301170-FB45-445B-8F8E-0F0110F2139D}.Debug|x86.Build.0 = Debug|Any CPU
		{A3301170-FB45-445B-8F8E-0F0110F2139D}.Debug|x86.Deploy.0 = Debug|Any CPU
		{A3301170-FB45-445B-8F8E-0F0110F2139D}.Release|Any CPU.ActiveCfg = Release|Any CPU
		{A3301170-FB45-445B-8F8E-0F0110F2139D}.Release|Any CPU.Build.0 = Release|Any CPU
		{A3301170-FB45-445B-8F8E-0F0110F2139D}.Release|Any CPU.Deploy.0 = Release|Any CPU
		{A3301170-FB45-445B-8F8E-0F0110F2139D}.Release|ARM.ActiveCfg = Release|Any CPU
		{A3301170-FB45-445B-8F8E-0F0110F2139D}.Release|ARM.Build.0 = Release|Any CPU
		{A3301170-FB45-445B-8F8E-0F0110F2139D}.Release|ARM.Deploy.0 = Release|Any CPU
		{A3301170-FB45-445B-8F8E-0F0110F2139D}.Release|iPhone.ActiveCfg = Release|Any CPU
		{A3301170-FB45-445B-8F8E-0F0110F2139D}.Release|iPhone.Build.0 = Release|Any CPU
		{A3301170-FB45-445B-8F8E-0F0110F2139D}.Release|iPhone.Deploy.0 = Release|Any CPU
		{A3301170-FB45-445B-8F8E-0F0110F2139D}.Release|iPhoneSimulator.ActiveCfg = Release|Any CPU
		{A3301170-FB45-445B-8F8E-0F0110F2139D}.Release|iPhoneSimulator.Build.0 = Release|Any CPU
		{A3301170-FB45-445B-8F8E-0F0110F2139D}.Release|iPhoneSimulator.Deploy.0 = Release|Any CPU
		{A3301170-FB45-445B-8F8E-0F0110F2139D}.Release|x64.ActiveCfg = Release|Any CPU
		{A3301170-FB45-445B-8F8E-0F0110F2139D}.Release|x64.Build.0 = Release|Any CPU
		{A3301170-FB45-445B-8F8E-0F0110F2139D}.Release|x64.Deploy.0 = Release|Any CPU
		{A3301170-FB45-445B-8F8E-0F0110F2139D}.Release|x86.ActiveCfg = Release|Any CPU
		{A3301170-FB45-445B-8F8E-0F0110F2139D}.Release|x86.Build.0 = Release|Any CPU
		{A3301170-FB45-445B-8F8E-0F0110F2139D}.Release|x86.Deploy.0 = Release|Any CPU
		{9E17AD27-FA5D-4ADC-91DA-111561E4110C}.Ad-Hoc|Any CPU.ActiveCfg = Ad-Hoc|iPhone
		{9E17AD27-FA5D-4ADC-91DA-111561E4110C}.Ad-Hoc|ARM.ActiveCfg = Ad-Hoc|iPhone
		{9E17AD27-FA5D-4ADC-91DA-111561E4110C}.Ad-Hoc|iPhone.ActiveCfg = Ad-Hoc|iPhone
		{9E17AD27-FA5D-4ADC-91DA-111561E4110C}.Ad-Hoc|iPhone.Build.0 = Ad-Hoc|iPhone
		{9E17AD27-FA5D-4ADC-91DA-111561E4110C}.Ad-Hoc|iPhoneSimulator.ActiveCfg = Ad-Hoc|iPhoneSimulator
		{9E17AD27-FA5D-4ADC-91DA-111561E4110C}.Ad-Hoc|iPhoneSimulator.Build.0 = Ad-Hoc|iPhoneSimulator
		{9E17AD27-FA5D-4ADC-91DA-111561E4110C}.Ad-Hoc|x64.ActiveCfg = Ad-Hoc|iPhone
		{9E17AD27-FA5D-4ADC-91DA-111561E4110C}.Ad-Hoc|x86.ActiveCfg = Ad-Hoc|iPhone
		{9E17AD27-FA5D-4ADC-91DA-111561E4110C}.AppStore|Any CPU.ActiveCfg = AppStore|iPhone
		{9E17AD27-FA5D-4ADC-91DA-111561E4110C}.AppStore|ARM.ActiveCfg = AppStore|iPhone
		{9E17AD27-FA5D-4ADC-91DA-111561E4110C}.AppStore|iPhone.ActiveCfg = AppStore|iPhone
		{9E17AD27-FA5D-4ADC-91DA-111561E4110C}.AppStore|iPhone.Build.0 = AppStore|iPhone
		{9E17AD27-FA5D-4ADC-91DA-111561E4110C}.AppStore|iPhoneSimulator.ActiveCfg = AppStore|iPhoneSimulator
		{9E17AD27-FA5D-4ADC-91DA-111561E4110C}.AppStore|iPhoneSimulator.Build.0 = AppStore|iPhoneSimulator
		{9E17AD27-FA5D-4ADC-91DA-111561E4110C}.AppStore|x64.ActiveCfg = AppStore|iPhone
		{9E17AD27-FA5D-4ADC-91DA-111561E4110C}.AppStore|x86.ActiveCfg = AppStore|iPhone
		{9E17AD27-FA5D-4ADC-91DA-111561E4110C}.Debug|Any CPU.ActiveCfg = Debug|iPhone
		{9E17AD27-FA5D-4ADC-91DA-111561E4110C}.Debug|ARM.ActiveCfg = Debug|iPhone
		{9E17AD27-FA5D-4ADC-91DA-111561E4110C}.Debug|iPhone.ActiveCfg = Debug|iPhone
		{9E17AD27-FA5D-4ADC-91DA-111561E4110C}.Debug|iPhone.Build.0 = Debug|iPhone
		{9E17AD27-FA5D-4ADC-91DA-111561E4110C}.Debug|iPhoneSimulator.ActiveCfg = Debug|iPhoneSimulator
		{9E17AD27-FA5D-4ADC-91DA-111561E4110C}.Debug|iPhoneSimulator.Build.0 = Debug|iPhoneSimulator
		{9E17AD27-FA5D-4ADC-91DA-111561E4110C}.Debug|x64.ActiveCfg = Debug|iPhone
		{9E17AD27-FA5D-4ADC-91DA-111561E4110C}.Debug|x86.ActiveCfg = Debug|iPhone
		{9E17AD27-FA5D-4ADC-91DA-111561E4110C}.Release|Any CPU.ActiveCfg = Release|iPhone
		{9E17AD27-FA5D-4ADC-91DA-111561E4110C}.Release|ARM.ActiveCfg = Release|iPhone
		{9E17AD27-FA5D-4ADC-91DA-111561E4110C}.Release|iPhone.ActiveCfg = Release|iPhone
		{9E17AD27-FA5D-4ADC-91DA-111561E4110C}.Release|iPhone.Build.0 = Release|iPhone
		{9E17AD27-FA5D-4ADC-91DA-111561E4110C}.Release|iPhoneSimulator.ActiveCfg = Release|iPhoneSimulator
		{9E17AD27-FA5D-4ADC-91DA-111561E4110C}.Release|iPhoneSimulator.Build.0 = Release|iPhoneSimulator
		{9E17AD27-FA5D-4ADC-91DA-111561E4110C}.Release|x64.ActiveCfg = Release|iPhone
		{9E17AD27-FA5D-4ADC-91DA-111561E4110C}.Release|x86.ActiveCfg = Release|iPhone
		{E14824B9-3461-4C86-B572-209D0EEEFCDD}.Ad-Hoc|Any CPU.ActiveCfg = Release|x86
		{E14824B9-3461-4C86-B572-209D0EEEFCDD}.Ad-Hoc|Any CPU.Build.0 = Release|x86
		{E14824B9-3461-4C86-B572-209D0EEEFCDD}.Ad-Hoc|Any CPU.Deploy.0 = Release|x86
		{E14824B9-3461-4C86-B572-209D0EEEFCDD}.Ad-Hoc|ARM.ActiveCfg = Release|ARM
		{E14824B9-3461-4C86-B572-209D0EEEFCDD}.Ad-Hoc|ARM.Build.0 = Release|ARM
		{E14824B9-3461-4C86-B572-209D0EEEFCDD}.Ad-Hoc|ARM.Deploy.0 = Release|ARM
		{E14824B9-3461-4C86-B572-209D0EEEFCDD}.Ad-Hoc|iPhone.ActiveCfg = Release|x86
		{E14824B9-3461-4C86-B572-209D0EEEFCDD}.Ad-Hoc|iPhone.Build.0 = Release|x86
		{E14824B9-3461-4C86-B572-209D0EEEFCDD}.Ad-Hoc|iPhone.Deploy.0 = Release|x86
		{E14824B9-3461-4C86-B572-209D0EEEFCDD}.Ad-Hoc|iPhoneSimulator.ActiveCfg = Release|x86
		{E14824B9-3461-4C86-B572-209D0EEEFCDD}.Ad-Hoc|iPhoneSimulator.Build.0 = Release|x86
		{E14824B9-3461-4C86-B572-209D0EEEFCDD}.Ad-Hoc|iPhoneSimulator.Deploy.0 = Release|x86
		{E14824B9-3461-4C86-B572-209D0EEEFCDD}.Ad-Hoc|x64.ActiveCfg = Release|x64
		{E14824B9-3461-4C86-B572-209D0EEEFCDD}.Ad-Hoc|x64.Build.0 = Release|x64
		{E14824B9-3461-4C86-B572-209D0EEEFCDD}.Ad-Hoc|x64.Deploy.0 = Release|x64
		{E14824B9-3461-4C86-B572-209D0EEEFCDD}.Ad-Hoc|x86.ActiveCfg = Release|x86
		{E14824B9-3461-4C86-B572-209D0EEEFCDD}.Ad-Hoc|x86.Build.0 = Release|x86
		{E14824B9-3461-4C86-B572-209D0EEEFCDD}.Ad-Hoc|x86.Deploy.0 = Release|x86
		{E14824B9-3461-4C86-B572-209D0EEEFCDD}.AppStore|Any CPU.ActiveCfg = Release|x86
		{E14824B9-3461-4C86-B572-209D0EEEFCDD}.AppStore|Any CPU.Build.0 = Release|x86
		{E14824B9-3461-4C86-B572-209D0EEEFCDD}.AppStore|Any CPU.Deploy.0 = Release|x86
		{E14824B9-3461-4C86-B572-209D0EEEFCDD}.AppStore|ARM.ActiveCfg = Release|ARM
		{E14824B9-3461-4C86-B572-209D0EEEFCDD}.AppStore|ARM.Build.0 = Release|ARM
		{E14824B9-3461-4C86-B572-209D0EEEFCDD}.AppStore|ARM.Deploy.0 = Release|ARM
		{E14824B9-3461-4C86-B572-209D0EEEFCDD}.AppStore|iPhone.ActiveCfg = Release|x86
		{E14824B9-3461-4C86-B572-209D0EEEFCDD}.AppStore|iPhone.Build.0 = Release|x86
		{E14824B9-3461-4C86-B572-209D0EEEFCDD}.AppStore|iPhone.Deploy.0 = Release|x86
		{E14824B9-3461-4C86-B572-209D0EEEFCDD}.AppStore|iPhoneSimulator.ActiveCfg = Release|x86
		{E14824B9-3461-4C86-B572-209D0EEEFCDD}.AppStore|iPhoneSimulator.Build.0 = Release|x86
		{E14824B9-3461-4C86-B572-209D0EEEFCDD}.AppStore|iPhoneSimulator.Deploy.0 = Release|x86
		{E14824B9-3461-4C86-B572-209D0EEEFCDD}.AppStore|x64.ActiveCfg = Release|x64
		{E14824B9-3461-4C86-B572-209D0EEEFCDD}.AppStore|x64.Build.0 = Release|x64
		{E14824B9-3461-4C86-B572-209D0EEEFCDD}.AppStore|x64.Deploy.0 = Release|x64
		{E14824B9-3461-4C86-B572-209D0EEEFCDD}.AppStore|x86.ActiveCfg = Release|x86
		{E14824B9-3461-4C86-B572-209D0EEEFCDD}.AppStore|x86.Build.0 = Release|x86
		{E14824B9-3461-4C86-B572-209D0EEEFCDD}.AppStore|x86.Deploy.0 = Release|x86
		{E14824B9-3461-4C86-B572-209D0EEEFCDD}.Debug|Any CPU.ActiveCfg = Debug|x86
		{E14824B9-3461-4C86-B572-209D0EEEFCDD}.Debug|ARM.ActiveCfg = Debug|ARM
		{E14824B9-3461-4C86-B572-209D0EEEFCDD}.Debug|ARM.Build.0 = Debug|ARM
		{E14824B9-3461-4C86-B572-209D0EEEFCDD}.Debug|ARM.Deploy.0 = Debug|ARM
		{E14824B9-3461-4C86-B572-209D0EEEFCDD}.Debug|iPhone.ActiveCfg = Debug|x86
		{E14824B9-3461-4C86-B572-209D0EEEFCDD}.Debug|iPhoneSimulator.ActiveCfg = Debug|x86
		{E14824B9-3461-4C86-B572-209D0EEEFCDD}.Debug|x64.ActiveCfg = Debug|x64
		{E14824B9-3461-4C86-B572-209D0EEEFCDD}.Debug|x64.Build.0 = Debug|x64
		{E14824B9-3461-4C86-B572-209D0EEEFCDD}.Debug|x64.Deploy.0 = Debug|x64
		{E14824B9-3461-4C86-B572-209D0EEEFCDD}.Debug|x86.ActiveCfg = Debug|x86
		{E14824B9-3461-4C86-B572-209D0EEEFCDD}.Debug|x86.Build.0 = Debug|x86
		{E14824B9-3461-4C86-B572-209D0EEEFCDD}.Debug|x86.Deploy.0 = Debug|x86
		{E14824B9-3461-4C86-B572-209D0EEEFCDD}.Release|Any CPU.ActiveCfg = Release|x86
		{E14824B9-3461-4C86-B572-209D0EEEFCDD}.Release|ARM.ActiveCfg = Release|ARM
		{E14824B9-3461-4C86-B572-209D0EEEFCDD}.Release|ARM.Build.0 = Release|ARM
		{E14824B9-3461-4C86-B572-209D0EEEFCDD}.Release|ARM.Deploy.0 = Release|ARM
		{E14824B9-3461-4C86-B572-209D0EEEFCDD}.Release|iPhone.ActiveCfg = Release|x86
		{E14824B9-3461-4C86-B572-209D0EEEFCDD}.Release|iPhoneSimulator.ActiveCfg = Release|x86
		{E14824B9-3461-4C86-B572-209D0EEEFCDD}.Release|x64.ActiveCfg = Release|x64
		{E14824B9-3461-4C86-B572-209D0EEEFCDD}.Release|x64.Build.0 = Release|x64
		{E14824B9-3461-4C86-B572-209D0EEEFCDD}.Release|x64.Deploy.0 = Release|x64
		{E14824B9-3461-4C86-B572-209D0EEEFCDD}.Release|x86.ActiveCfg = Release|x86
		{E14824B9-3461-4C86-B572-209D0EEEFCDD}.Release|x86.Build.0 = Release|x86
		{E14824B9-3461-4C86-B572-209D0EEEFCDD}.Release|x86.Deploy.0 = Release|x86
	EndGlobalSection
	GlobalSection(SolutionProperties) = preSolution
		HideSolutionNode = FALSE
	EndGlobalSection
	GlobalSection(ExtensibilityGlobals) = postSolution
		SolutionGuid = {4B838DC1-C389-4D19-94AC-95CC461E3FDB}
	EndGlobalSection
EndGlobal
